
Microsoft Visual Studio Solution File, Format Version 12.00
# Visual Studio Version 17
VisualStudioVersion = 17.1.32414.318
MinimumVisualStudioVersion = 10.0.40219.1
Project("{FAE04EC0-301F-11D3-BF4B-00C04F79EFBC}") = "SwapOverrideReturnLib", "SwapOverrideReturnLib\SwapOverrideReturnLib.csproj", "{77B01C38-E1CC-419F-AC5D-4D4C736FB423}"
EndProject
Project("{FAE04EC0-301F-11D3-BF4B-00C04F79EFBC}") = "SwapOverrideReturnLibTests", "SwapOverrideReturnLibTests\SwapOverrideReturnLibTests.csproj", "{6784CAF9-3114-45D4-98B8-BC984D198D46}"
EndProject
Global
	GlobalSection(SolutionConfigurationPlatforms) = preSolution
		Debug|Any CPU = Debug|Any CPU
		Release|Any CPU = Release|Any CPU
	EndGlobalSection
	GlobalSection(ProjectConfigurationPlatforms) = postSolution
		{77B01C38-E1CC-419F-AC5D-4D4C736FB423}.Debug|Any CPU.ActiveCfg = Debug|Any CPU
		{77B01C38-E1CC-419F-AC5D-4D4C736FB423}.Debug|Any CPU.Build.0 = Debug|Any CPU
		{77B01C38-E1CC-419F-AC5D-4D4C736FB423}.Release|Any CPU.ActiveCfg = Release|Any CPU
		{77B01C38-E1CC-419F-AC5D-4D4C736FB423}.Release|Any CPU.Build.0 = Release|Any CPU
		{6784CAF9-3114-45D4-98B8-BC984D198D46}.Debug|Any CPU.ActiveCfg = Debug|Any CPU
		{6784CAF9-3114-45D4-98B8-BC984D198D46}.Debug|Any CPU.Build.0 = Debug|Any CPU
		{6784CAF9-3114-45D4-98B8-BC984D198D46}.Release|Any CPU.ActiveCfg = Release|Any CPU
		{6784CAF9-3114-45D4-98B8-BC984D198D46}.Release|Any CPU.Build.0 = Release|Any CPU
	EndGlobalSection
	GlobalSection(SolutionProperties) = preSolution
		HideSolutionNode = FALSE
	EndGlobalSection
	GlobalSection(ExtensibilityGlobals) = postSolution
		SolutionGuid = {25B7BEB8-F44C-4864-B826-2D31648F0E77}
	EndGlobalSection
EndGlobal
